# THIS IS AN AUTOGENERATED FILE. DO NOT EDIT THIS FILE DIRECTLY.
# yarn lockfile v1


he@latest:
  version "1.1.1"
  resolved "https://registry.yarnpkg.com/he/-/he-1.1.1.tgz#93410fd21b009735151f8868c2f271f3427e23fd"

node-fetch@^2.1.2:
  version "2.1.2"
  resolved "https://registry.yarnpkg.com/node-fetch/-/node-fetch-2.1.2.tgz#ab884e8e7e57e38a944753cec706f788d1768bb5"

node-html-parser@^1.1.8:
  version "1.1.8"
  resolved "https://registry.yarnpkg.com/node-html-parser/-/node-html-parser-1.1.8.tgz#259c9a866e31f3a56834faa59e6dee7909ed0fed"
  dependencies:
    he latest
